
Microsoft Visual Studio Solution File, Format Version 12.00
# Visual Studio Version 17
VisualStudioVersion = 17.0.31903.59
MinimumVisualStudioVersion = 10.0.40219.1
Project("{FAE04EC0-301F-11D3-BF4B-00C04F79EFBC}") = "Acme.OperatorLibrary", "Acme.OperatorLibrary.csproj", "{DCE8BEF0-5DEC-45E3-98CB-8924D2D399F4}"
EndProject
Project("{2150E333-8FDC-42A3-9474-1A3956D46DE8}") = "tests", "tests", "{0AB3BF05-4346-4AA6-1389-037BE0695223}"
EndProject
Project("{FAE04EC0-301F-11D3-BF4B-00C04F79EFBC}") = "Acme.OperatorLibrary.SmokeTests", "tests\Acme.OperatorLibrary.SmokeTests\Acme.OperatorLibrary.SmokeTests.csproj", "{994BE2F3-9C0C-4A6B-9420-46E90D9EDB65}"
EndProject
Global
	GlobalSection(SolutionConfigurationPlatforms) = preSolution
		Debug|Any CPU = Debug|Any CPU
		Debug|x64 = Debug|x64
		Debug|x86 = Debug|x86
		Release|Any CPU = Release|Any CPU
		Release|x64 = Release|x64
		Release|x86 = Release|x86
	EndGlobalSection
	GlobalSection(ProjectConfigurationPlatforms) = postSolution
		{DCE8BEF0-5DEC-45E3-98CB-8924D2D399F4}.Debug|Any CPU.ActiveCfg = Debug|Any CPU
		{DCE8BEF0-5DEC-45E3-98CB-8924D2D399F4}.Debug|Any CPU.Build.0 = Debug|Any CPU
		{DCE8BEF0-5DEC-45E3-98CB-8924D2D399F4}.Debug|x64.ActiveCfg = Debug|Any CPU
		{DCE8BEF0-5DEC-45E3-98CB-8924D2D399F4}.Debug|x64.Build.0 = Debug|Any CPU
		{DCE8BEF0-5DEC-45E3-98CB-8924D2D399F4}.Debug|x86.ActiveCfg = Debug|Any CPU
		{DCE8BEF0-5DEC-45E3-98CB-8924D2D399F4}.Debug|x86.Build.0 = Debug|Any CPU
		{DCE8BEF0-5DEC-45E3-98CB-8924D2D399F4}.Release|Any CPU.ActiveCfg = Release|Any CPU
		{DCE8BEF0-5DEC-45E3-98CB-8924D2D399F4}.Release|Any CPU.Build.0 = Release|Any CPU
		{DCE8BEF0-5DEC-45E3-98CB-8924D2D399F4}.Release|x64.ActiveCfg = Release|Any CPU
		{DCE8BEF0-5DEC-45E3-98CB-8924D2D399F4}.Release|x64.Build.0 = Release|Any CPU
		{DCE8BEF0-5DEC-45E3-98CB-8924D2D399F4}.Release|x86.ActiveCfg = Release|Any CPU
		{DCE8BEF0-5DEC-45E3-98CB-8924D2D399F4}.Release|x86.Build.0 = Release|Any CPU
		{994BE2F3-9C0C-4A6B-9420-46E90D9EDB65}.Debug|Any CPU.ActiveCfg = Debug|Any CPU
		{994BE2F3-9C0C-4A6B-9420-46E90D9EDB65}.Debug|Any CPU.Build.0 = Debug|Any CPU
		{994BE2F3-9C0C-4A6B-9420-46E90D9EDB65}.Debug|x64.ActiveCfg = Debug|Any CPU
		{994BE2F3-9C0C-4A6B-9420-46E90D9EDB65}.Debug|x64.Build.0 = Debug|Any CPU
		{994BE2F3-9C0C-4A6B-9420-46E90D9EDB65}.Debug|x86.ActiveCfg = Debug|Any CPU
		{994BE2F3-9C0C-4A6B-9420-46E90D9EDB65}.Debug|x86.Build.0 = Debug|Any CPU
		{994BE2F3-9C0C-4A6B-9420-46E90D9EDB65}.Release|Any CPU.ActiveCfg = Release|Any CPU
		{994BE2F3-9C0C-4A6B-9420-46E90D9EDB65}.Release|Any CPU.Build.0 = Release|Any CPU
		{994BE2F3-9C0C-4A6B-9420-46E90D9EDB65}.Release|x64.ActiveCfg = Release|Any CPU
		{994BE2F3-9C0C-4A6B-9420-46E90D9EDB65}.Release|x64.Build.0 = Release|Any CPU
		{994BE2F3-9C0C-4A6B-9420-46E90D9EDB65}.Release|x86.ActiveCfg = Release|Any CPU
		{994BE2F3-9C0C-4A6B-9420-46E90D9EDB65}.Release|x86.Build.0 = Release|Any CPU
	EndGlobalSection
	GlobalSection(SolutionProperties) = preSolution
		HideSolutionNode = FALSE
	EndGlobalSection
	GlobalSection(NestedProjects) = preSolution
		{994BE2F3-9C0C-4A6B-9420-46E90D9EDB65} = {0AB3BF05-4346-4AA6-1389-037BE0695223}
	EndGlobalSection
EndGlobal
